// !$*UTF8*$!
{
	archiveVersion = 1;
	classes = {
	};
	objectVersion = 50;
	objects = {

/* Begin PBXBuildFile section */
		22868B392163A7DD005C5419 /* main.c in Sources */ = {isa = PBXBuildFile; fileRef = 22868B382163A7DD005C5419 /* main.c */; };
		22868B422163ABCF005C5419 /* EiString.c in Sources */ = {isa = PBXBuildFile; fileRef = 22868B412163ABCF005C5419 /* EiString.c */; };
		22E13E30216723C800BB3097 /* EiArray.c in Sources */ = {isa = PBXBuildFile; fileRef = 22E13E2F216723C800BB3097 /* EiArray.c */; };
/* End PBXBuildFile section */

/* Begin PBXCopyFilesBuildPhase section */
		22868B332163A7DD005C5419 /* CopyFiles */ = {
			isa = PBXCopyFilesBuildPhase;
			buildActionMask = 2147483647;
			dstPath = /usr/share/man/man1/;
			dstSubfolderSpec = 0;
			files = (
			);
			runOnlyForDeploymentPostprocessing = 1;
		};
/* End PBXCopyFilesBuildPhase section */

/* Begin PBXFileReference section */
		22868B352163A7DD005C5419 /* EinerLanguageDemo */ = {isa = PBXFileReference; explicitFileType = "compiled.mach-o.executable"; includeInIndex = 0; path = EinerLanguageDemo; sourceTree = BUILT_PRODUCTS_DIR; };
		22868B382163A7DD005C5419 /* main.c */ = {isa = PBXFileReference; lastKnownFileType = sourcecode.c.c; path = main.c; sourceTree = "<group>"; };
		22868B3F2163A814005C5419 /* ReadMe.MD */ = {isa = PBXFileReference; lastKnownFileType = net.daringfireball.markdown; path = ReadMe.MD; sourceTree = "<group>"; };
		22868B402163ABCF005C5419 /* EiString.h */ = {isa = PBXFileReference; lastKnownFileType = sourcecode.c.h; path = EiString.h; sourceTree = "<group>"; };
		22868B412163ABCF005C5419 /* EiString.c */ = {isa = PBXFileReference; lastKnownFileType = sourcecode.c.c; path = EiString.c; sourceTree = "<group>"; };
		22868B432163AC2B005C5419 /* EiHeader.h */ = {isa = PBXFileReference; lastKnownFileType = sourcecode.c.h; path = EiHeader.h; sourceTree = "<group>"; };
		22E13E2E216723C800BB3097 /* EiArray.h */ = {isa = PBXFileReference; lastKnownFileType = sourcecode.c.h; path = EiArray.h; sourceTree = "<group>"; };
		22E13E2F216723C800BB3097 /* EiArray.c */ = {isa = PBXFileReference; lastKnownFileType = sourcecode.c.c; path = EiArray.c; sourceTree = "<group>"; };
/* End PBXFileReference section */

/* Begin PBXFrameworksBuildPhase section */
		22868B322163A7DD005C5419 /* Frameworks */ = {
			isa = PBXFrameworksBuildPhase;
			buildActionMask = 2147483647;
			files = (
			);
			runOnlyForDeploymentPostprocessing = 0;
		};
/* End PBXFrameworksBuildPhase section */

/* Begin PBXGroup section */
		22868B2C2163A7DD005C5419 = {
			isa = PBXGroup;
			children = (
				22868B372163A7DD005C5419 /* EinerLanguageDemo */,
				22868B362163A7DD005C5419 /* Products */,
			);
			sourceTree = "<group>";
		};
		22868B362163A7DD005C5419 /* Products */ = {
			isa = PBXGroup;
			children = (
				22868B352163A7DD005C5419 /* EinerLanguageDemo */,
			);
			name = Products;
			sourceTree = "<group>";
		};
		22868B372163A7DD005C5419 /* EinerLanguageDemo */ = {
			isa = PBXGroup;
			children = (
				22868B382163A7DD005C5419 /* main.c */,
				22868B432163AC2B005C5419 /* EiHeader.h */,
				22E13E2E216723C800BB3097 /* EiArray.h */,
				22E13E2F216723C800BB3097 /* EiArray.c */,
				22868B402163ABCF005C5419 /* EiString.h */,
				22868B412163ABCF005C5419 /* EiString.c */,
				22868B3F2163A814005C5419 /* ReadMe.MD */,
			);
			path = EinerLanguageDemo;
			sourceTree = "<group>";
		};
/* End PBXGroup section */

/* Begin PBXNativeTarget section */
		22868B342163A7DD005C5419 /* EinerLanguageDemo */ = {
			isa = PBXNativeTarget;
			buildConfigurationList = 22868B3C2163A7DD005C5419 /* Build configuration list for PBXNativeTarget "EinerLanguageDemo" */;
			buildPhases = (
				22868B312163A7DD005C5419 /* Sources */,
				22868B322163A7DD005C5419 /* Frameworks */,
				22868B332163A7DD005C5419 /* CopyFiles */,
			);
			buildRules = (
			);
			dependencies = (
			);
			name = EinerLanguageDemo;
			productName = EinerLanguageDemo;
			productReference = 22868B352163A7DD005C5419 /* EinerLanguageDemo */;
			productType = "com.apple.product-type.tool";
		};
/* End PBXNativeTarget section */

/* Begin PBXProject section */
		22868B2D2163A7DD005C5419 /* Project object */ = {
			isa = PBXProject;
			attributes = {
				LastUpgradeCheck = 0940;
				ORGANIZATIONNAME = Einer;
				TargetAttributes = {
					22868B342163A7DD005C5419 = {
						CreatedOnToolsVersion = 9.4.1;
					};
				};
			};
			buildConfigurationList = 22868B302163A7DD005C5419 /* Build configuration list for PBXProject "EinerLanguageDemo" */;
			compatibilityVersion = "Xcode 9.3";
			developmentRegion = en;
			hasScannedForEncodings = 0;
			knownRegions = (
				en,
			);
			mainGroup = 22868B2C2163A7DD005C5419;
			productRefGroup = 22868B362163A7DD005C5419 /* Products */;
			projectDirPath = "";
			projectRoot = "";
			targets = (
				22868B342163A7DD005C5419 /* EinerLanguageDemo */,
			);
		};
/* End PBXProject section */

/* Begin PBXSourcesBuildPhase section */
		22868B312163A7DD005C5419 /* Sources */ = {
			isa = PBXSourcesBuildPhase;
			buildActionMask = 2147483647;
			files = (
				22E13E30216723C800BB3097 /* EiArray.c in Sources */,
				22868B422163ABCF005C5419 /* EiString.c in Sources */,
				22868B392163A7DD005C5419 /* main.c in Sources */,
			);
			runOnlyForDeploymentPostprocessing = 0;
		};
/* End PBXSourcesBuildPhase section */

/* Begin XCBuildConfiguration section */
		22868B3A2163A7DD005C5419 /* Debug */ = {
			isa = XCBuildConfiguration;
			buildSettings = {
				ALWAYS_SEARCH_USER_PATHS = NO;
				CLANG_ANALYZER_NONNULL = YES;
				CLANG_ANALYZER_NUMBER_OBJECT_CONVERSION = YES_AGGRESSIVE;
				CLANG_CXX_LANGUAGE_STANDARD = "gnu++14";
				CLANG_CXX_LIBRARY = "libc++";
				CLANG_ENABLE_MODULES = YES;
				CLANG_ENABLE_OBJC_ARC = YES;
				CLANG_ENABLE_OBJC_WEAK = YES;
				CLANG_WARN_BLOCK_CAPTURE_AUTORELEASING = YES;
				CLANG_WARN_BOOL_CONVERSION = YES;
				CLANG_WARN_COMMA = YES;
				CLANG_WARN_CONSTANT_CONVERSION = YES;
				CLANG_WARN_DEPRECATED_OBJC_IMPLEMENTATIONS = YES;
				CLANG_WARN_DIRECT_OBJC_ISA_USAGE = YES_ERROR;
				CLANG_WARN_DOCUMENTATION_COMMENTS = YES;
				CLANG_WARN_EMPTY_BODY = YES;
				CLANG_WARN_ENUM_CONVERSION = YES;
				CLANG_WARN_INFINITE_RECURSION = YES;
				CLANG_WARN_INT_CONVERSION = YES;
				CLANG_WARN_NON_LITERAL_NULL_CONVERSION = YES;
				CLANG_WARN_OBJC_IMPLICIT_RETAIN_SELF = YES;
				CLANG_WARN_OBJC_LITERAL_CONVERSION = YES;
				CLANG_WARN_OBJC_ROOT_CLASS = YES_ERROR;
				CLANG_WARN_RANGE_LOOP_ANALYSIS = YES;
				CLANG_WARN_STRICT_PROTOTYPES = YES;
				CLANG_WARN_SUSPICIOUS_MOVE = YES;
				CLANG_WARN_UNGUARDED_AVAILABILITY = YES_AGGRESSIVE;
				CLANG_WARN_UNREACHABLE_CODE = YES;
				CLANG_WARN__DUPLICATE_METHOD_MATCH = YES;
				CODE_SIGN_IDENTITY = "-";
				COPY_PHASE_STRIP = NO;
				DEBUG_INFORMATION_FORMAT = dwarf;
				ENABLE_STRICT_OBJC_MSGSEND = YES;
				ENABLE_TESTABILITY = YES;
				GCC_C_LANGUAGE_STANDARD = c89;
				GCC_DYNAMIC_NO_PIC = NO;
				GCC_INPUT_FILETYPE = sourcecode.c.c;
				GCC_NO_COMMON_BLOCKS = YES;
				GCC_OPTIMIZATION_LEVEL = 0;
				GCC_PREPROCESSOR_DEFINITIONS = (
					"DEBUG=1",
					"$(inherited)",
				);
				GCC_WARN_64_TO_32_BIT_CONVERSION = YES;
				GCC_WARN_ABOUT_RETURN_TYPE = YES_ERROR;
				GCC_WARN_UNDECLARED_SELECTOR = YES;
				GCC_WARN_UNINITIALIZED_AUTOS = YES_AGGRESSIVE;
				GCC_WARN_UNUSED_FUNCTION = YES;
				GCC_WARN_UNUSED_VARIABLE = YES;
				MACOSX_DEPLOYMENT_TARGET = 10.13;
				MTL_ENABLE_DEBUG_INFO = YES;
				ONLY_ACTIVE_ARCH = YES;
				SDKROOT = macosx;
			};
			name = Debug;
		};
		22868B3B2163A7DD005C5419 /* Release */ = {
			isa = XCBuildConfiguration;
			buildSettings = {
				ALWAYS_SEARCH_USER_PATHS = NO;
				CLANG_ANALYZER_NONNULL = YES;
				CLANG_ANALYZER_NUMBER_OBJECT_CONVERSION = YES_AGGRESSIVE;
				CLANG_CXX_LANGUAGE_STANDARD = "gnu++14";
				CLANG_CXX_LIBRARY = "libc++";
				CLANG_ENABLE_MODULES = YES;
				CLANG_ENABLE_OBJC_ARC = YES;
				CLANG_ENABLE_OBJC_WEAK = YES;
				CLANG_WARN_BLOCK_CAPTURE_AUTORELEASING = YES;
				CLANG_WARN_BOOL_CONVERSION = YES;
				CLANG_WARN_COMMA = YES;
				CLANG_WARN_CONSTANT_CONVERSION = YES;
				CLANG_WARN_DEPRECATED_OBJC_IMPLEMENTATIONS = YES;
				CLANG_WARN_DIRECT_OBJC_ISA_USAGE = YES_ERROR;
				CLANG_WARN_DOCUMENTATION_COMMENTS = YES;
				CLANG_WARN_EMPTY_BODY = YES;
				CLANG_WARN_ENUM_CONVERSION = YES;
				CLANG_WARN_INFINITE_RECURSION = YES;
				CLANG_WARN_INT_CONVERSION = YES;
				CLANG_WARN_NON_LITERAL_NULL_CONVERSION = YES;
				CLANG_WARN_OBJC_IMPLICIT_RETAIN_SELF = YES;
				CLANG_WARN_OBJC_LITERAL_CONVERSION = YES;
				CLANG_WARN_OBJC_ROOT_CLASS = YES_ERROR;
				CLANG_WARN_RANGE_LOOP_ANALYSIS = YES;
				CLANG_WARN_STRICT_PROTOTYPES = YES;
				CLANG_WARN_SUSPICIOUS_MOVE = YES;
				CLANG_WARN_UNGUARDED_AVAILABILITY = YES_AGGRESSIVE;
				CLANG_WARN_UNREACHABLE_CODE = YES;
				CLANG_WARN__DUPLICATE_METHOD_MATCH = YES;
				CODE_SIGN_IDENTITY = "-";
				COPY_PHASE_STRIP = NO;
				DEBUG_INFORMATION_FORMAT = "dwarf-with-dsym";
				ENABLE_NS_ASSERTIONS = NO;
				ENABLE_STRICT_OBJC_MSGSEND = YES;
				GCC_C_LANGUAGE_STANDARD = c89;
				GCC_INPUT_FILETYPE = sourcecode.c.c;
				GCC_NO_COMMON_BLOCKS = YES;
				GCC_WARN_64_TO_32_BIT_CONVERSION = YES;
				GCC_WARN_ABOUT_RETURN_TYPE = YES_ERROR;
				GCC_WARN_UNDECLARED_SELECTOR = YES;
				GCC_WARN_UNINITIALIZED_AUTOS = YES_AGGRESSIVE;
				GCC_WARN_UNUSED_FUNCTION = YES;
				GCC_WARN_UNUSED_VARIABLE = YES;
				MACOSX_DEPLOYMENT_TARGET = 10.13;
				MTL_ENABLE_DEBUG_INFO = NO;
				SDKROOT = macosx;
			};
			name = Release;
		};
		22868B3D2163A7DD005C5419 /* Debug */ = {
			isa = XCBuildConfiguration;
			buildSettings = {
				CODE_SIGN_STYLE = Automatic;
				PRODUCT_NAME = "$(TARGET_NAME)";
			};
			name = Debug;
		};
		22868B3E2163A7DD005C5419 /* Release */ = {
			isa = XCBuildConfiguration;
			buildSettings = {
				CODE_SIGN_STYLE = Automatic;
				PRODUCT_NAME = "$(TARGET_NAME)";
			};
			name = Release;
		};
/* End XCBuildConfiguration section */

/* Begin XCConfigurationList section */
		22868B302163A7DD005C5419 /* Build configuration list for PBXProject "EinerLanguageDemo" */ = {
			isa = XCConfigurationList;
			buildConfigurations = (
				22868B3A2163A7DD005C5419 /* Debug */,
				22868B3B2163A7DD005C5419 /* Release */,
			);
			defaultConfigurationIsVisible = 0;
			defaultConfigurationName = Release;
		};
		22868B3C2163A7DD005C5419 /* Build configuration list for PBXNativeTarget "EinerLanguageDemo" */ = {
			isa = XCConfigurationList;
			buildConfigurations = (
				22868B3D2163A7DD005C5419 /* Debug */,
				22868B3E2163A7DD005C5419 /* Release */,
			);
			defaultConfigurationIsVisible = 0;
			defaultConfigurationName = Release;
		};
/* End XCConfigurationList section */
	};
	rootObject = 22868B2D2163A7DD005C5419 /* Project object */;
}
